# This file is autogenerated, do not edit; changes may be undone by the next 'dep ensure'.


[[projects]]
  branch = "master"
  name = "github.com/alecthomas/units"
  packages = ["."]
  revision = "2efee857e7cfd4f3d0138cc3cbb1b4966962b93a"

[[projects]]
  name = "gopkg.in/alecthomas/kingpin.v1"
  packages = ["."]
  revision = "45f9714aa86a9624491adeaab1e9df1baf84dd38"
  version = "v1.3.7"

[solve-meta]
  analyzer-name = "dep"
  analyzer-version = 1
  inputs-digest = "76b055c161fe27f170549a66728a2abe80fc1057978cafaac9c34e81a2fdcb38"
  solver-name = "gps-cdcl"
  solver-version = 1
